
Microsoft Visual Studio Solution File, Format Version 12.00
# Visual Studio 2013
VisualStudioVersion = 12.0.21005.1
MinimumVisualStudioVersion = 10.0.40219.1
Project("{FAE04EC0-301F-11D3-BF4B-00C04F79EFBC}") = "DarkerSmile.Core", "DarkerSmile.Core\DarkerSmile.Core.csproj", "{CFE42B31-1EA1-4F7A-9568-5E6CDF974356}"
EndProject
Project("{FAE04EC0-301F-11D3-BF4B-00C04F79EFBC}") = "DarkerSmile.Core.Tests", "DarkerSmile.Core.Tests\DarkerSmile.Core.Tests.csproj", "{14981B55-4EF9-4C8D-BA0D-47ED8A39571E}"
EndProject
Global
	GlobalSection(SolutionConfigurationPlatforms) = preSolution
		Debug|Any CPU = Debug|Any CPU
		Release|Any CPU = Release|Any CPU
	EndGlobalSection
	GlobalSection(ProjectConfigurationPlatforms) = postSolution
		{CFE42B31-1EA1-4F7A-9568-5E6CDF974356}.Debug|Any CPU.ActiveCfg = Debug|Any CPU
		{CFE42B31-1EA1-4F7A-9568-5E6CDF974356}.Debug|Any CPU.Build.0 = Debug|Any CPU
		{CFE42B31-1EA1-4F7A-9568-5E6CDF974356}.Release|Any CPU.ActiveCfg = Release|Any CPU
		{CFE42B31-1EA1-4F7A-9568-5E6CDF974356}.Release|Any CPU.Build.0 = Release|Any CPU
		{14981B55-4EF9-4C8D-BA0D-47ED8A39571E}.Debug|Any CPU.ActiveCfg = Debug|Any CPU
		{14981B55-4EF9-4C8D-BA0D-47ED8A39571E}.Debug|Any CPU.Build.0 = Debug|Any CPU
		{14981B55-4EF9-4C8D-BA0D-47ED8A39571E}.Release|Any CPU.ActiveCfg = Release|Any CPU
		{14981B55-4EF9-4C8D-BA0D-47ED8A39571E}.Release|Any CPU.Build.0 = Release|Any CPU
	EndGlobalSection
	GlobalSection(SolutionProperties) = preSolution
		HideSolutionNode = FALSE
	EndGlobalSection
EndGlobal
